
Microsoft Visual Studio Solution File, Format Version 12.00
# Visual Studio Version 16
VisualStudioVersion = 16.0.30204.135
MinimumVisualStudioVersion = 10.0.40219.1
Project("{FAE04EC0-301F-11D3-BF4B-00C04F79EFBC}") = "LoggerPackage2", "LoggerPackage2\LoggerPackage2.csproj", "{FA063A3E-7A47-4DC6-BB1A-15F894693670}"
EndProject
Global
	GlobalSection(SolutionConfigurationPlatforms) = preSolution
		Debug|Any CPU = Debug|Any CPU
		Release|Any CPU = Release|Any CPU
	EndGlobalSection
	GlobalSection(ProjectConfigurationPlatforms) = postSolution
		{FA063A3E-7A47-4DC6-BB1A-15F894693670}.Debug|Any CPU.ActiveCfg = Debug|Any CPU
		{FA063A3E-7A47-4DC6-BB1A-15F894693670}.Debug|Any CPU.Build.0 = Debug|Any CPU
		{FA063A3E-7A47-4DC6-BB1A-15F894693670}.Release|Any CPU.ActiveCfg = Release|Any CPU
		{FA063A3E-7A47-4DC6-BB1A-15F894693670}.Release|Any CPU.Build.0 = Release|Any CPU
	EndGlobalSection
	GlobalSection(SolutionProperties) = preSolution
		HideSolutionNode = FALSE
	EndGlobalSection
	GlobalSection(ExtensibilityGlobals) = postSolution
		SolutionGuid = {ACED5DF8-FE07-4C11-AE08-5DD4DDBEC22A}
	EndGlobalSection
EndGlobal
